
Microsoft Visual Studio Solution File, Format Version 11.00
# Visual C++ Express 2010
Project("{8BC9CEB8-8B4A-11D0-8D11-00A0C91BC942}") = "opencv_show_lena", "opencv_show_lena.vcxproj", "{B95ABBEB-A7EC-5F69-B286-7B467EB1F8F9}"
EndProject
Global
	GlobalSection(SolutionConfigurationPlatforms) = preSolution
		Debug|Win32 = Debug|Win32
		Release|Win32 = Release|Win32
	EndGlobalSection
	GlobalSection(ProjectConfigurationPlatforms) = postSolution
		{B95ABBEB-A7EC-5F69-B286-7B467EB1F8F9}.Debug|Win32.ActiveCfg = Debug|Win32
		{B95ABBEB-A7EC-5F69-B286-7B467EB1F8F9}.Debug|Win32.Build.0 = Debug|Win32
		{B95ABBEB-A7EC-5F69-B286-7B467EB1F8F9}.Release|Win32.ActiveCfg = Release|Win32
		{B95ABBEB-A7EC-5F69-B286-7B467EB1F8F9}.Release|Win32.Build.0 = Release|Win32
	EndGlobalSection
	GlobalSection(SolutionProperties) = preSolution
		HideSolutionNode = FALSE
	EndGlobalSection
EndGlobal
