// !$*UTF8*$!
{
	archiveVersion = 1;
	classes = {
	};
	objectVersion = 45;
	objects = {

/* Begin PBXBuildFile section */
		160CCF5113AA5975009B3573 /* CoreServices.framework in Frameworks */ = {isa = PBXBuildFile; fileRef = 160CCF5013AA5975009B3573 /* CoreServices.framework */; };
		160CCF5313AA5980009B3573 /* ApplicationServices.framework in Frameworks */ = {isa = PBXBuildFile; fileRef = 160CCF5213AA5980009B3573 /* ApplicationServices.framework */; };
		160CD0CA13AA5A9F009B3573 /* libopencv_core.dylib in Frameworks */ = {isa = PBXBuildFile; fileRef = 160CD0C913AA5A9F009B3573 /* libopencv_core.dylib */; };
		160CD0CC13AA5AAC009B3573 /* libopencv_highgui.dylib in Frameworks */ = {isa = PBXBuildFile; fileRef = 160CD0CB13AA5AAC009B3573 /* libopencv_highgui.dylib */; };
		160CD0CE13AA5AB7009B3573 /* libopencv_imgproc.dylib in Frameworks */ = {isa = PBXBuildFile; fileRef = 160CD0CD13AA5AB7009B3573 /* libopencv_imgproc.dylib */; };
		8DD76F650486A84900D96B5E /* main.cpp in Sources */ = {isa = PBXBuildFile; fileRef = 08FB7796FE84155DC02AAC07 /* main.cpp */; settings = {ATTRIBUTES = (); }; };
		8DD76F6A0486A84900D96B5E /* gesture_sample.1 in CopyFiles */ = {isa = PBXBuildFile; fileRef = C6859E8B029090EE04C91782 /* gesture_sample.1 */; };
/* End PBXBuildFile section */

/* Begin PBXCopyFilesBuildPhase section */
		8DD76F690486A84900D96B5E /* CopyFiles */ = {
			isa = PBXCopyFilesBuildPhase;
			buildActionMask = 8;
			dstPath = /usr/share/man/man1/;
			dstSubfolderSpec = 0;
			files = (
				8DD76F6A0486A84900D96B5E /* gesture_sample.1 in CopyFiles */,
			);
			runOnlyForDeploymentPostprocessing = 1;
		};
/* End PBXCopyFilesBuildPhase section */

/* Begin PBXFileReference section */
		08FB7796FE84155DC02AAC07 /* main.cpp */ = {isa = PBXFileReference; fileEncoding = 4; lastKnownFileType = sourcecode.cpp.cpp; path = main.cpp; sourceTree = "<group>"; };
		160CCF5013AA5975009B3573 /* CoreServices.framework */ = {isa = PBXFileReference; lastKnownFileType = wrapper.framework; name = CoreServices.framework; path = System/Library/Frameworks/CoreServices.framework; sourceTree = SDKROOT; };
		160CCF5213AA5980009B3573 /* ApplicationServices.framework */ = {isa = PBXFileReference; lastKnownFileType = wrapper.framework; name = ApplicationServices.framework; path = System/Library/Frameworks/ApplicationServices.framework; sourceTree = SDKROOT; };
		160CD0C913AA5A9F009B3573 /* libopencv_core.dylib */ = {isa = PBXFileReference; lastKnownFileType = "compiled.mach-o.dylib"; name = libopencv_core.dylib; path = /opt/local/lib/libopencv_core.dylib; sourceTree = "<absolute>"; };
		160CD0CB13AA5AAC009B3573 /* libopencv_highgui.dylib */ = {isa = PBXFileReference; lastKnownFileType = "compiled.mach-o.dylib"; name = libopencv_highgui.dylib; path = /opt/local/lib/libopencv_highgui.dylib; sourceTree = "<absolute>"; };
		160CD0CD13AA5AB7009B3573 /* libopencv_imgproc.dylib */ = {isa = PBXFileReference; lastKnownFileType = "compiled.mach-o.dylib"; name = libopencv_imgproc.dylib; path = /opt/local/lib/libopencv_imgproc.dylib; sourceTree = "<absolute>"; };
		160CD0D213AA5EB2009B3573 /* config.xml */ = {isa = PBXFileReference; fileEncoding = 4; lastKnownFileType = text.xml; path = config.xml; sourceTree = "<group>"; };
		8DD76F6C0486A84900D96B5E /* gesture_sample */ = {isa = PBXFileReference; explicitFileType = "compiled.mach-o.executable"; includeInIndex = 0; path = gesture_sample; sourceTree = BUILT_PRODUCTS_DIR; };
		C6859E8B029090EE04C91782 /* gesture_sample.1 */ = {isa = PBXFileReference; lastKnownFileType = text.man; path = gesture_sample.1; sourceTree = "<group>"; };
/* End PBXFileReference section */

/* Begin PBXFrameworksBuildPhase section */
		8DD76F660486A84900D96B5E /* Frameworks */ = {
			isa = PBXFrameworksBuildPhase;
			buildActionMask = 2147483647;
			files = (
				160CCF5113AA5975009B3573 /* CoreServices.framework in Frameworks */,
				160CCF5313AA5980009B3573 /* ApplicationServices.framework in Frameworks */,
				160CD0CA13AA5A9F009B3573 /* libopencv_core.dylib in Frameworks */,
				160CD0CC13AA5AAC009B3573 /* libopencv_highgui.dylib in Frameworks */,
				160CD0CE13AA5AB7009B3573 /* libopencv_imgproc.dylib in Frameworks */,
			);
			runOnlyForDeploymentPostprocessing = 0;
		};
/* End PBXFrameworksBuildPhase section */

/* Begin PBXGroup section */
		08FB7794FE84155DC02AAC07 /* gesture_sample */ = {
			isa = PBXGroup;
			children = (
				160CD0C813AA5A86009B3573 /* lib */,
				160CCF5513AA5A7A009B3573 /* framework */,
				08FB7795FE84155DC02AAC07 /* Source */,
				C6859E8C029090F304C91782 /* Documentation */,
				1AB674ADFE9D54B511CA2CBB /* Products */,
			);
			name = gesture_sample;
			sourceTree = "<group>";
		};
		08FB7795FE84155DC02AAC07 /* Source */ = {
			isa = PBXGroup;
			children = (
				08FB7796FE84155DC02AAC07 /* main.cpp */,
				160CD0D213AA5EB2009B3573 /* config.xml */,
			);
			name = Source;
			sourceTree = "<group>";
		};
		160CCF5513AA5A7A009B3573 /* framework */ = {
			isa = PBXGroup;
			children = (
				160CCF5013AA5975009B3573 /* CoreServices.framework */,
				160CCF5213AA5980009B3573 /* ApplicationServices.framework */,
			);
			name = framework;
			sourceTree = "<group>";
		};
		160CD0C813AA5A86009B3573 /* lib */ = {
			isa = PBXGroup;
			children = (
				160CD0C913AA5A9F009B3573 /* libopencv_core.dylib */,
				160CD0CD13AA5AB7009B3573 /* libopencv_imgproc.dylib */,
				160CD0CB13AA5AAC009B3573 /* libopencv_highgui.dylib */,
			);
			name = lib;
			sourceTree = "<group>";
		};
		1AB674ADFE9D54B511CA2CBB /* Products */ = {
			isa = PBXGroup;
			children = (
				8DD76F6C0486A84900D96B5E /* gesture_sample */,
			);
			name = Products;
			sourceTree = "<group>";
		};
		C6859E8C029090F304C91782 /* Documentation */ = {
			isa = PBXGroup;
			children = (
				C6859E8B029090EE04C91782 /* gesture_sample.1 */,
			);
			name = Documentation;
			sourceTree = "<group>";
		};
/* End PBXGroup section */

/* Begin PBXNativeTarget section */
		8DD76F620486A84900D96B5E /* gesture_sample */ = {
			isa = PBXNativeTarget;
			buildConfigurationList = 1DEB923108733DC60010E9CD /* Build configuration list for PBXNativeTarget "gesture_sample" */;
			buildPhases = (
				8DD76F640486A84900D96B5E /* Sources */,
				8DD76F660486A84900D96B5E /* Frameworks */,
				8DD76F690486A84900D96B5E /* CopyFiles */,
			);
			buildRules = (
			);
			dependencies = (
			);
			name = gesture_sample;
			productInstallPath = "$(HOME)/bin";
			productName = gesture_sample;
			productReference = 8DD76F6C0486A84900D96B5E /* gesture_sample */;
			productType = "com.apple.product-type.tool";
		};
/* End PBXNativeTarget section */

/* Begin PBXProject section */
		08FB7793FE84155DC02AAC07 /* Project object */ = {
			isa = PBXProject;
			buildConfigurationList = 1DEB923508733DC60010E9CD /* Build configuration list for PBXProject "gesture_sample" */;
			compatibilityVersion = "Xcode 3.1";
			developmentRegion = English;
			hasScannedForEncodings = 1;
			knownRegions = (
				English,
				Japanese,
				French,
				German,
			);
			mainGroup = 08FB7794FE84155DC02AAC07 /* gesture_sample */;
			projectDirPath = "";
			projectRoot = "";
			targets = (
				8DD76F620486A84900D96B5E /* gesture_sample */,
			);
		};
/* End PBXProject section */

/* Begin PBXSourcesBuildPhase section */
		8DD76F640486A84900D96B5E /* Sources */ = {
			isa = PBXSourcesBuildPhase;
			buildActionMask = 2147483647;
			files = (
				8DD76F650486A84900D96B5E /* main.cpp in Sources */,
			);
			runOnlyForDeploymentPostprocessing = 0;
		};
/* End PBXSourcesBuildPhase section */

/* Begin XCBuildConfiguration section */
		1DEB923208733DC60010E9CD /* Debug */ = {
			isa = XCBuildConfiguration;
			buildSettings = {
				ALWAYS_SEARCH_USER_PATHS = NO;
				COPY_PHASE_STRIP = NO;
				FRAMEWORK_SEARCH_PATHS = "\"$(SYSTEM_LIBRARY_DIR)/Frameworks/ApplicationServices.framework/Versions/A/Frameworks\"";
				GCC_DYNAMIC_NO_PIC = NO;
				GCC_ENABLE_FIX_AND_CONTINUE = YES;
				GCC_MODEL_TUNING = G5;
				GCC_OPTIMIZATION_LEVEL = 0;
				INSTALL_PATH = /usr/local/bin;
				LIBRARY_SEARCH_PATHS = (
					"$(inherited)",
					/opt/local/lib,
				);
				PRODUCT_NAME = gesture_sample;
			};
			name = Debug;
		};
		1DEB923308733DC60010E9CD /* Release */ = {
			isa = XCBuildConfiguration;
			buildSettings = {
				ALWAYS_SEARCH_USER_PATHS = NO;
				DEBUG_INFORMATION_FORMAT = "dwarf-with-dsym";
				FRAMEWORK_SEARCH_PATHS = "\"$(SYSTEM_LIBRARY_DIR)/Frameworks/ApplicationServices.framework/Versions/A/Frameworks\"";
				GCC_MODEL_TUNING = G5;
				INSTALL_PATH = /usr/local/bin;
				LIBRARY_SEARCH_PATHS = (
					"$(inherited)",
					/opt/local/lib,
				);
				PRODUCT_NAME = gesture_sample;
			};
			name = Release;
		};
		1DEB923608733DC60010E9CD /* Debug */ = {
			isa = XCBuildConfiguration;
			buildSettings = {
				ARCHS = "$(ARCHS_STANDARD_32_64_BIT)";
				GCC_C_LANGUAGE_STANDARD = gnu99;
				GCC_OPTIMIZATION_LEVEL = 0;
				GCC_WARN_ABOUT_RETURN_TYPE = YES;
				GCC_WARN_UNUSED_VARIABLE = YES;
				HEADER_SEARCH_PATHS = (
					/usr/include/ni/,
					/usr/include/nite/,
					/opt/local/include/,
				);
				ONLY_ACTIVE_ARCH = YES;
				OTHER_LDFLAGS = (
					/usr/lib/libXnVHandGenerator_1_3_1.dylib,
					/usr/lib/libXnVFeatures_1_3_1.dylib,
					/usr/lib/libOpenNI.dylib,
					/usr/lib/libXnVNite_1_3_1.dylib,
				);
				PREBINDING = NO;
				SDKROOT = macosx10.6;
			};
			name = Debug;
		};
		1DEB923708733DC60010E9CD /* Release */ = {
			isa = XCBuildConfiguration;
			buildSettings = {
				ARCHS = "$(ARCHS_STANDARD_32_64_BIT)";
				GCC_C_LANGUAGE_STANDARD = gnu99;
				GCC_WARN_ABOUT_RETURN_TYPE = YES;
				GCC_WARN_UNUSED_VARIABLE = YES;
				HEADER_SEARCH_PATHS = (
					/usr/include/ni/,
					/usr/include/nite/,
					/opt/local/include/,
				);
				OTHER_LDFLAGS = (
					/usr/lib/libXnVHandGenerator_1_3_1.dylib,
					/usr/lib/libXnVFeatures_1_3_1.dylib,
					/usr/lib/libOpenNI.dylib,
					/usr/lib/libXnVNite_1_3_1.dylib,
				);
				PREBINDING = NO;
				SDKROOT = macosx10.6;
			};
			name = Release;
		};
/* End XCBuildConfiguration section */

/* Begin XCConfigurationList section */
		1DEB923108733DC60010E9CD /* Build configuration list for PBXNativeTarget "gesture_sample" */ = {
			isa = XCConfigurationList;
			buildConfigurations = (
				1DEB923208733DC60010E9CD /* Debug */,
				1DEB923308733DC60010E9CD /* Release */,
			);
			defaultConfigurationIsVisible = 0;
			defaultConfigurationName = Release;
		};
		1DEB923508733DC60010E9CD /* Build configuration list for PBXProject "gesture_sample" */ = {
			isa = XCConfigurationList;
			buildConfigurations = (
				1DEB923608733DC60010E9CD /* Debug */,
				1DEB923708733DC60010E9CD /* Release */,
			);
			defaultConfigurationIsVisible = 0;
			defaultConfigurationName = Release;
		};
/* End XCConfigurationList section */
	};
	rootObject = 08FB7793FE84155DC02AAC07 /* Project object */;
}
