
Microsoft Visual Studio Solution File, Format Version 11.00
# Visual C++ Express 2010
Project("{8BC9CEB8-8B4A-11D0-8D11-00A0C91BC942}") = "detect_user", "detect_user.vcxproj", "{E720DAA2-F62C-2C6D-97AB-8B6392071DCD}"
EndProject
Global
	GlobalSection(SolutionConfigurationPlatforms) = preSolution
		Debug|Win32 = Debug|Win32
		Release|Win32 = Release|Win32
	EndGlobalSection
	GlobalSection(ProjectConfigurationPlatforms) = postSolution
		{E720DAA2-F62C-2C6D-97AB-8B6392071DCD}.Debug|Win32.ActiveCfg = Debug|Win32
		{E720DAA2-F62C-2C6D-97AB-8B6392071DCD}.Debug|Win32.Build.0 = Debug|Win32
		{E720DAA2-F62C-2C6D-97AB-8B6392071DCD}.Release|Win32.ActiveCfg = Release|Win32
		{E720DAA2-F62C-2C6D-97AB-8B6392071DCD}.Release|Win32.Build.0 = Release|Win32
	EndGlobalSection
	GlobalSection(SolutionProperties) = preSolution
		HideSolutionNode = FALSE
	EndGlobalSection
EndGlobal
