// !$*UTF8*$!
{
	archiveVersion = 1;
	classes = {
	};
	objectVersion = 45;
	objects = {

/* Begin PBXBuildFile section */
		16AA35C21402985000F78BB7 /* main.cpp in Sources */ = {isa = PBXBuildFile; fileRef = 08FB7796FE84155DC02AAC07 /* main.cpp */; settings = {ATTRIBUTES = (); }; };
		16AA35C41402985000F78BB7 /* libopencv_core.dylib in Frameworks */ = {isa = PBXBuildFile; fileRef = 169DBB4B13CF4AB400ED2E21 /* libopencv_core.dylib */; };
		16AA35C51402985000F78BB7 /* libopencv_highgui.dylib in Frameworks */ = {isa = PBXBuildFile; fileRef = 169DBB4D13CF4AD200ED2E21 /* libopencv_highgui.dylib */; };
		16AA35C61402985000F78BB7 /* libopencv_imgproc.dylib in Frameworks */ = {isa = PBXBuildFile; fileRef = 169DBB4F13CF4AF000ED2E21 /* libopencv_imgproc.dylib */; };
		16AA35C81402985000F78BB7 /* openni_test.1 in CopyFiles */ = {isa = PBXBuildFile; fileRef = C6859E8B029090EE04C91782 /* openni_test.1 */; };
/* End PBXBuildFile section */

/* Begin PBXCopyFilesBuildPhase section */
		16AA35C71402985000F78BB7 /* CopyFiles */ = {
			isa = PBXCopyFilesBuildPhase;
			buildActionMask = 8;
			dstPath = /usr/share/man/man1/;
			dstSubfolderSpec = 0;
			files = (
				16AA35C81402985000F78BB7 /* openni_test.1 in CopyFiles */,
			);
			runOnlyForDeploymentPostprocessing = 1;
		};
/* End PBXCopyFilesBuildPhase section */

/* Begin PBXFileReference section */
		08FB7796FE84155DC02AAC07 /* main.cpp */ = {isa = PBXFileReference; fileEncoding = 4; lastKnownFileType = sourcecode.cpp.cpp; path = main.cpp; sourceTree = "<group>"; };
		162C858E13D040160030AFC7 /* config.xml */ = {isa = PBXFileReference; fileEncoding = 4; lastKnownFileType = text.xml; path = config.xml; sourceTree = "<group>"; };
		169DBB4B13CF4AB400ED2E21 /* libopencv_core.dylib */ = {isa = PBXFileReference; lastKnownFileType = "compiled.mach-o.dylib"; name = libopencv_core.dylib; path = /opt/local/lib/libopencv_core.dylib; sourceTree = "<absolute>"; };
		169DBB4D13CF4AD200ED2E21 /* libopencv_highgui.dylib */ = {isa = PBXFileReference; lastKnownFileType = "compiled.mach-o.dylib"; name = libopencv_highgui.dylib; path = /opt/local/lib/libopencv_highgui.dylib; sourceTree = "<absolute>"; };
		169DBB4F13CF4AF000ED2E21 /* libopencv_imgproc.dylib */ = {isa = PBXFileReference; lastKnownFileType = "compiled.mach-o.dylib"; name = libopencv_imgproc.dylib; path = /opt/local/lib/libopencv_imgproc.dylib; sourceTree = "<absolute>"; };
		16AA35CC1402985000F78BB7 /* openni_introduction copy */ = {isa = PBXFileReference; explicitFileType = "compiled.mach-o.executable"; includeInIndex = 0; path = "openni_introduction copy"; sourceTree = BUILT_PRODUCTS_DIR; };
		C6859E8B029090EE04C91782 /* openni_test.1 */ = {isa = PBXFileReference; lastKnownFileType = text.man; path = openni_test.1; sourceTree = "<group>"; };
/* End PBXFileReference section */

/* Begin PBXFrameworksBuildPhase section */
		16AA35C31402985000F78BB7 /* Frameworks */ = {
			isa = PBXFrameworksBuildPhase;
			buildActionMask = 2147483647;
			files = (
				16AA35C41402985000F78BB7 /* libopencv_core.dylib in Frameworks */,
				16AA35C51402985000F78BB7 /* libopencv_highgui.dylib in Frameworks */,
				16AA35C61402985000F78BB7 /* libopencv_imgproc.dylib in Frameworks */,
			);
			runOnlyForDeploymentPostprocessing = 0;
		};
/* End PBXFrameworksBuildPhase section */

/* Begin PBXGroup section */
		08FB7794FE84155DC02AAC07 /* openni_test */ = {
			isa = PBXGroup;
			children = (
				169DBB4413CF4A4E00ED2E21 /* lib */,
				08FB7795FE84155DC02AAC07 /* Source */,
				C6859E8C029090F304C91782 /* Documentation */,
				1AB674ADFE9D54B511CA2CBB /* Products */,
			);
			name = openni_test;
			sourceTree = "<group>";
		};
		08FB7795FE84155DC02AAC07 /* Source */ = {
			isa = PBXGroup;
			children = (
				162C858E13D040160030AFC7 /* config.xml */,
				08FB7796FE84155DC02AAC07 /* main.cpp */,
			);
			name = Source;
			sourceTree = "<group>";
		};
		169DBB4413CF4A4E00ED2E21 /* lib */ = {
			isa = PBXGroup;
			children = (
				169DBB4F13CF4AF000ED2E21 /* libopencv_imgproc.dylib */,
				169DBB4D13CF4AD200ED2E21 /* libopencv_highgui.dylib */,
				169DBB4B13CF4AB400ED2E21 /* libopencv_core.dylib */,
			);
			name = lib;
			sourceTree = "<group>";
		};
		1AB674ADFE9D54B511CA2CBB /* Products */ = {
			isa = PBXGroup;
			children = (
				16AA35CC1402985000F78BB7 /* openni_introduction copy */,
			);
			name = Products;
			sourceTree = "<group>";
		};
		C6859E8C029090F304C91782 /* Documentation */ = {
			isa = PBXGroup;
			children = (
				C6859E8B029090EE04C91782 /* openni_test.1 */,
			);
			name = Documentation;
			sourceTree = "<group>";
		};
/* End PBXGroup section */

/* Begin PBXNativeTarget section */
		16AA35C01402985000F78BB7 /* openni_detect_user */ = {
			isa = PBXNativeTarget;
			buildConfigurationList = 16AA35C91402985000F78BB7 /* Build configuration list for PBXNativeTarget "openni_detect_user" */;
			buildPhases = (
				16AA35C11402985000F78BB7 /* Sources */,
				16AA35C31402985000F78BB7 /* Frameworks */,
				16AA35C71402985000F78BB7 /* CopyFiles */,
			);
			buildRules = (
			);
			dependencies = (
			);
			name = openni_detect_user;
			productInstallPath = "$(HOME)/bin";
			productName = openni_test;
			productReference = 16AA35CC1402985000F78BB7 /* openni_introduction copy */;
			productType = "com.apple.product-type.tool";
		};
/* End PBXNativeTarget section */

/* Begin PBXProject section */
		08FB7793FE84155DC02AAC07 /* Project object */ = {
			isa = PBXProject;
			buildConfigurationList = 1DEB923508733DC60010E9CD /* Build configuration list for PBXProject "openni_detect_user" */;
			compatibilityVersion = "Xcode 3.1";
			developmentRegion = English;
			hasScannedForEncodings = 1;
			knownRegions = (
				English,
				Japanese,
				French,
				German,
			);
			mainGroup = 08FB7794FE84155DC02AAC07 /* openni_test */;
			projectDirPath = "";
			projectRoot = "";
			targets = (
				16AA35C01402985000F78BB7 /* openni_detect_user */,
			);
		};
/* End PBXProject section */

/* Begin PBXSourcesBuildPhase section */
		16AA35C11402985000F78BB7 /* Sources */ = {
			isa = PBXSourcesBuildPhase;
			buildActionMask = 2147483647;
			files = (
				16AA35C21402985000F78BB7 /* main.cpp in Sources */,
			);
			runOnlyForDeploymentPostprocessing = 0;
		};
/* End PBXSourcesBuildPhase section */

/* Begin XCBuildConfiguration section */
		16AA35CA1402985000F78BB7 /* Debug */ = {
			isa = XCBuildConfiguration;
			buildSettings = {
				ALWAYS_SEARCH_USER_PATHS = NO;
				COPY_PHASE_STRIP = NO;
				GCC_DYNAMIC_NO_PIC = NO;
				GCC_ENABLE_FIX_AND_CONTINUE = YES;
				GCC_MODEL_TUNING = G5;
				GCC_OPTIMIZATION_LEVEL = 0;
				INSTALL_PATH = /usr/local/bin;
				LIBRARY_SEARCH_PATHS = (
					"$(inherited)",
					"\"$(SRCROOT)\"",
					/opt/local/lib,
				);
				PRODUCT_NAME = "openni_introduction copy";
			};
			name = Debug;
		};
		16AA35CB1402985000F78BB7 /* Release */ = {
			isa = XCBuildConfiguration;
			buildSettings = {
				ALWAYS_SEARCH_USER_PATHS = NO;
				DEBUG_INFORMATION_FORMAT = "dwarf-with-dsym";
				GCC_MODEL_TUNING = G5;
				INSTALL_PATH = /usr/local/bin;
				LIBRARY_SEARCH_PATHS = (
					"$(inherited)",
					"\"$(SRCROOT)\"",
					/opt/local/lib,
				);
				PRODUCT_NAME = "openni_introduction copy";
			};
			name = Release;
		};
		1DEB923608733DC60010E9CD /* Debug */ = {
			isa = XCBuildConfiguration;
			buildSettings = {
				ARCHS = "$(ARCHS_STANDARD_32_64_BIT)";
				GCC_C_LANGUAGE_STANDARD = gnu99;
				GCC_OPTIMIZATION_LEVEL = 0;
				GCC_WARN_ABOUT_RETURN_TYPE = YES;
				GCC_WARN_UNUSED_VARIABLE = YES;
				HEADER_SEARCH_PATHS = (
					/opt/local/include/,
					/usr/include/nite/,
					/usr/include/ni/,
				);
				ONLY_ACTIVE_ARCH = YES;
				OTHER_LDFLAGS = (
					/usr/lib/libOpenNI.dylib,
					/usr/lib/libXnVNite_1_3_1.dylib,
				);
				PREBINDING = NO;
				SDKROOT = macosx10.6;
			};
			name = Debug;
		};
		1DEB923708733DC60010E9CD /* Release */ = {
			isa = XCBuildConfiguration;
			buildSettings = {
				ARCHS = "$(ARCHS_STANDARD_32_64_BIT)";
				GCC_C_LANGUAGE_STANDARD = gnu99;
				GCC_WARN_ABOUT_RETURN_TYPE = YES;
				GCC_WARN_UNUSED_VARIABLE = YES;
				HEADER_SEARCH_PATHS = (
					/opt/local/include/,
					/usr/include/nite/,
					/usr/include/ni/,
				);
				OTHER_LDFLAGS = (
					/usr/lib/libOpenNI.dylib,
					/usr/lib/libXnVNite_1_3_1.dylib,
				);
				PREBINDING = NO;
				SDKROOT = macosx10.6;
			};
			name = Release;
		};
/* End XCBuildConfiguration section */

/* Begin XCConfigurationList section */
		16AA35C91402985000F78BB7 /* Build configuration list for PBXNativeTarget "openni_detect_user" */ = {
			isa = XCConfigurationList;
			buildConfigurations = (
				16AA35CA1402985000F78BB7 /* Debug */,
				16AA35CB1402985000F78BB7 /* Release */,
			);
			defaultConfigurationIsVisible = 0;
			defaultConfigurationName = Release;
		};
		1DEB923508733DC60010E9CD /* Build configuration list for PBXProject "openni_detect_user" */ = {
			isa = XCConfigurationList;
			buildConfigurations = (
				1DEB923608733DC60010E9CD /* Debug */,
				1DEB923708733DC60010E9CD /* Release */,
			);
			defaultConfigurationIsVisible = 0;
			defaultConfigurationName = Release;
		};
/* End XCConfigurationList section */
	};
	rootObject = 08FB7793FE84155DC02AAC07 /* Project object */;
}
